
Microsoft Visual Studio Solution File, Format Version 12.00
# Visual Studio Version 17
VisualStudioVersion = 17.0.32126.317
MinimumVisualStudioVersion = 10.0.40219.1
Project("{9A19103F-16F7-4668-BE54-9A1E7A4F7556}") = "Executable", "Executable\Executable.csproj", "{6E97D236-CA46-4501-B55D-67F63085755D}"
EndProject
Project("{2150E333-8FDC-42A3-9474-1A3956D46DE8}") = "Solution Items", "Solution Items", "{93AB290A-DA10-4C4D-9A71-BAA945681E50}"
	ProjectSection(SolutionItems) = preProject
		README.txt = README.txt
	EndProjectSection
EndProject
Project("{9A19103F-16F7-4668-BE54-9A1E7A4F7556}") = "OutlookAddLibray", "OutlookAddLibray\OutlookAddLibray.csproj", "{8B8934FA-D931-48A6-8185-5778C6D6664E}"
EndProject
Global
	GlobalSection(SolutionConfigurationPlatforms) = preSolution
		Debug|Any CPU = Debug|Any CPU
		Release|Any CPU = Release|Any CPU
	EndGlobalSection
	GlobalSection(ProjectConfigurationPlatforms) = postSolution
		{6E97D236-CA46-4501-B55D-67F63085755D}.Debug|Any CPU.ActiveCfg = Debug|Any CPU
		{6E97D236-CA46-4501-B55D-67F63085755D}.Debug|Any CPU.Build.0 = Debug|Any CPU
		{6E97D236-CA46-4501-B55D-67F63085755D}.Release|Any CPU.ActiveCfg = Release|Any CPU
		{6E97D236-CA46-4501-B55D-67F63085755D}.Release|Any CPU.Build.0 = Release|Any CPU
		{8B8934FA-D931-48A6-8185-5778C6D6664E}.Debug|Any CPU.ActiveCfg = Debug|Any CPU
		{8B8934FA-D931-48A6-8185-5778C6D6664E}.Debug|Any CPU.Build.0 = Debug|Any CPU
		{8B8934FA-D931-48A6-8185-5778C6D6664E}.Release|Any CPU.ActiveCfg = Release|Any CPU
		{8B8934FA-D931-48A6-8185-5778C6D6664E}.Release|Any CPU.Build.0 = Release|Any CPU
	EndGlobalSection
	GlobalSection(SolutionProperties) = preSolution
		HideSolutionNode = FALSE
	EndGlobalSection
	GlobalSection(ExtensibilityGlobals) = postSolution
		SolutionGuid = {71991172-7EE8-484A-BEE3-D679C5A5F064}
	EndGlobalSection
EndGlobal
